
Microsoft Visual Studio Solution File, Format Version 12.00
# Visual Studio 15
VisualStudioVersion = 15.0.27428.2015
MinimumVisualStudioVersion = 10.0.40219.1
Project("{2150E333-8FDC-42A3-9474-1A3956D46DE8}") = "src", "src", "{4BFD0037-92B4-4F57-92BE-235FAB2CA580}"
EndProject
Project("{FAE04EC0-301F-11D3-BF4B-00C04F79EFBC}") = "WebApp", "WebApp\WebApp\WebApp.csproj", "{C0482B22-ADC9-418E-92DE-DEB9F56C4389}"
EndProject
Project("{FAE04EC0-301F-11D3-BF4B-00C04F79EFBC}") = "DAL", "WebApp\DAL\DAL.csproj", "{8599FDF6-EDAB-49FD-B224-AFD967D98CA6}"
EndProject
Global
	GlobalSection(SolutionConfigurationPlatforms) = preSolution
		Debug|Any CPU = Debug|Any CPU
		Release|Any CPU = Release|Any CPU
	EndGlobalSection
	GlobalSection(ProjectConfigurationPlatforms) = postSolution
		{C0482B22-ADC9-418E-92DE-DEB9F56C4389}.Debug|Any CPU.ActiveCfg = Debug|Any CPU
		{C0482B22-ADC9-418E-92DE-DEB9F56C4389}.Debug|Any CPU.Build.0 = Debug|Any CPU
		{C0482B22-ADC9-418E-92DE-DEB9F56C4389}.Release|Any CPU.ActiveCfg = Release|Any CPU
		{C0482B22-ADC9-418E-92DE-DEB9F56C4389}.Release|Any CPU.Build.0 = Release|Any CPU
		{8599FDF6-EDAB-49FD-B224-AFD967D98CA6}.Debug|Any CPU.ActiveCfg = Debug|Any CPU
		{8599FDF6-EDAB-49FD-B224-AFD967D98CA6}.Debug|Any CPU.Build.0 = Debug|Any CPU
		{8599FDF6-EDAB-49FD-B224-AFD967D98CA6}.Release|Any CPU.ActiveCfg = Release|Any CPU
		{8599FDF6-EDAB-49FD-B224-AFD967D98CA6}.Release|Any CPU.Build.0 = Release|Any CPU
	EndGlobalSection
	GlobalSection(SolutionProperties) = preSolution
		HideSolutionNode = FALSE
	EndGlobalSection
	GlobalSection(NestedProjects) = preSolution
		{C0482B22-ADC9-418E-92DE-DEB9F56C4389} = {4BFD0037-92B4-4F57-92BE-235FAB2CA580}
		{8599FDF6-EDAB-49FD-B224-AFD967D98CA6} = {4BFD0037-92B4-4F57-92BE-235FAB2CA580}
	EndGlobalSection
	GlobalSection(ExtensibilityGlobals) = postSolution
		SolutionGuid = {32029517-FC05-4966-AB2D-94A5076953DD}
	EndGlobalSection
EndGlobal
